<?xml version="1.0" encoding="utf-8"?>
<Project ToolsVersion="4.0" xmlns="http://schemas.microsoft.com/developer/msbuild/2003">
  <ItemGroup>
    <Filter Include="Resource">
      <UniqueIdentifier>{67DA6AB6-F800-4c08-8B7A-83BB121AAD01}</UniqueIdentifier>
      <Extensions>rc;ico;cur;bmp;dlg;rc2;rct;bin;rgs;gif;jpg;jpeg;jpe;resx;tiff;tif;png;wav;mfcribbon-ms</Extensions>
    </Filter>
    <Filter Include="Utils">
      <UniqueIdentifier>{a26ada9a-3419-439b-bc29-42a84492e74f}</UniqueIdentifier>
    </Filter>
    <Filter Include="Source">
      <UniqueIdentifier>{2f27bf58-0a03-4735-9d95-be9cee780362}</UniqueIdentifier>
    </Filter>
    <Filter Include="Source\Launch">
      <UniqueIdentifier>{b053c72e-4ae8-4bd2-be89-82770199fb18}</UniqueIdentifier>
    </Filter>
    <Filter Include="Source\Core">
      <UniqueIdentifier>{3fe4baf1-a48b-4ef7-8b42-eaafea4a939b}</UniqueIdentifier>
    </Filter>
    <Filter Include="Source\Core\DirectX11">
      <UniqueIdentifier>{24f4f418-3142-4082-8792-2900158c5861}</UniqueIdentifier>
    </Filter>
    <Filter Include="Source\Core\Engine">
      <UniqueIdentifier>{d579aca8-a843-4e55-a8bd-c9c14a7beaa9}</UniqueIdentifier>
    </Filter>
    <Filter Include="Source\Core\DirectX11\State">
      <UniqueIdentifier>{97050cd6-c249-4049-8d39-55a46767a9ba}</UniqueIdentifier>
    </Filter>
    <Filter Include="Source\CoreUObject">
      <UniqueIdentifier>{dbd4ccfe-0492-4ca2-b714-94245b29eedc}</UniqueIdentifier>
    </Filter>
    <Filter Include="Source\CoreUObject\Components">
      <UniqueIdentifier>{cf3cac87-66f9-494c-b6ee-22392fad8cf2}</UniqueIdentifier>
    </Filter>
    <Filter Include="Source\CoreUObject\GameFrameWork">
      <UniqueIdentifier>{c059c46c-6b18-4c4e-8594-8c2e8b507887}</UniqueIdentifier>
    </Filter>
    <Filter Include="Resource\Shader">
      <UniqueIdentifier>{c34f390c-aa3f-4dd9-afda-0ba06be4b984}</UniqueIdentifier>
    </Filter>
    <Filter Include="Utils\Math">
      <UniqueIdentifier>{6d872954-0dfc-4b02-ace1-94496a445dc4}</UniqueIdentifier>
    </Filter>
    <Filter Include="Source\Core\Resource">
      <UniqueIdentifier>{90606f6a-3a7d-493b-bf6c-270521d09937}</UniqueIdentifier>
    </Filter>
    <Filter Include="Source\Core\Resource\Shape">
      <UniqueIdentifier>{0e6dd969-e426-44d8-ae97-12fd5536dc00}</UniqueIdentifier>
    </Filter>
    <Filter Include="Source\CoreUObject\UI">
      <UniqueIdentifier>{0d95d03b-1052-4d97-a8d9-ceebd6c9b9f2}</UniqueIdentifier>
    </Filter>
    <Filter Include="Source\Core\Input">
      <UniqueIdentifier>{199bb3f6-6195-46c7-b919-e3b1fd7feed2}</UniqueIdentifier>
    </Filter>
    <Filter Include="Source\Core\Gizmo">
      <UniqueIdentifier>{8012af6f-ea9d-4e28-9b17-91bde153d4ae}</UniqueIdentifier>
    </Filter>
    <Filter Include="Source\Core\Time">
      <UniqueIdentifier>{12710c6e-6d7e-4998-8adc-3f0a341f51f1}</UniqueIdentifier>
    </Filter>
    <Filter Include="Source\Core\UI">
      <UniqueIdentifier>{d2496975-1220-4478-8e7f-ede5b0bcfec9}</UniqueIdentifier>
    </Filter>
    <Filter Include="Plugins">
      <UniqueIdentifier>{5e8b687c-23a0-4d6d-8592-0ab36454280e}</UniqueIdentifier>
    </Filter>
    <Filter Include="Plugins\ImGui">
      <UniqueIdentifier>{d2deee3e-216b-4b88-9c6e-bfe332c67db1}</UniqueIdentifier>
    </Filter>
    <Filter Include="Plugins\SimpleJSON">
      <UniqueIdentifier>{e19583fe-4f81-43a0-b3d8-b4207ffe65d3}</UniqueIdentifier>
    </Filter>
    <Filter Include="Source\Core\Asset">
      <UniqueIdentifier>{1cd82e48-94a8-45e6-b5c2-a221359f1fcf}</UniqueIdentifier>
    </Filter>
  </ItemGroup>
  <ItemGroup>
    <ClCompile Include="Source\Utils\EnginePch.cpp">
      <Filter>Utils</Filter>
    </ClCompile>
    <ClCompile Include="Source\Utils\pch.cpp">
      <Filter>Utils</Filter>
    </ClCompile>
    <ClCompile Include="Source\Launch\LaunchWindows.cpp">
      <Filter>Source\Launch</Filter>
    </ClCompile>
    <ClCompile Include="Source\Core\DirectX11\DXDRenderTarget.cpp">
      <Filter>Source\Core\DirectX11</Filter>
    </ClCompile>
    <ClCompile Include="Source\Core\DirectX11\DXDShaderManager.cpp">
      <Filter>Source\Core\DirectX11</Filter>
    </ClCompile>
    <ClCompile Include="Source\Core\DirectX11\DXDVertexBuffer.cpp">
      <Filter>Source\Core\DirectX11</Filter>
    </ClCompile>
    <ClCompile Include="Source\Core\DirectX11\DXDConstantBuffer.cpp">
      <Filter>Source\Core\DirectX11</Filter>
    </ClCompile>
    <ClCompile Include="Source\Core\DirectX11\DirectXHandle.cpp">
      <Filter>Source\Core\DirectX11</Filter>
    </ClCompile>
    <ClCompile Include="Source\Core\Engine\Engine.cpp">
      <Filter>Source\Core\Engine</Filter>
    </ClCompile>
    <ClCompile Include="Source\Core\DirectX11\DXDRasterizerState.cpp">
      <Filter>Source\Core\DirectX11</Filter>
    </ClCompile>
    <ClCompile Include="Source\Core\DirectX11\DXDDepthStencilView.cpp">
      <Filter>Source\Core\DirectX11</Filter>
    </ClCompile>
    <ClCompile Include="Source\Core\DirectX11\State\DXDBlendState.cpp">
      <Filter>Source\Core\DirectX11\State</Filter>
    </ClCompile>
    <ClCompile Include="Source\Core\DirectX11\State\DXDDepthStencilState.cpp">
      <Filter>Source\Core\DirectX11\State</Filter>
    </ClCompile>
    <ClCompile Include="Source\Utils\GTLStringLibrary.cpp">
      <Filter>Utils</Filter>
    </ClCompile>
    <ClCompile Include="Source\CoreUObject\World.cpp">
      <Filter>Source\CoreUObject</Filter>
    </ClCompile>
    <ClCompile Include="Source\CoreUObject\Components\SceneComponent.cpp">
      <Filter>Source\CoreUObject\Components</Filter>
    </ClCompile>
    <ClCompile Include="Source\CoreUObject\Components\PrimitiveComponent.cpp">
      <Filter>Source\CoreUObject\Components</Filter>
    </ClCompile>
    <ClCompile Include="Source\CoreUObject\Components\CubeComponent.cpp">
      <Filter>Source\CoreUObject\Components</Filter>
    </ClCompile>
    <ClCompile Include="Source\CoreUObject\Components\PlaneComponent.cpp">
      <Filter>Source\CoreUObject\Components</Filter>
    </ClCompile>
    <ClCompile Include="Source\CoreUObject\Components\SphereComponent.cpp">
      <Filter>Source\CoreUObject\Components</Filter>
    </ClCompile>
    <ClCompile Include="Source\CoreUObject\GameFrameWork\Actor.cpp">
      <Filter>Source\CoreUObject\GameFrameWork</Filter>
    </ClCompile>
    <ClCompile Include="Source\Utils\Math\Math.cpp">
      <Filter>Utils\Math</Filter>
    </ClCompile>
    <ClCompile Include="Source\Utils\Math\Matrix.cpp">
      <Filter>Utils\Math</Filter>
    </ClCompile>
    <ClCompile Include="Source\Utils\Math\Vector.cpp">
      <Filter>Utils\Math</Filter>
    </ClCompile>
    <ClCompile Include="Source\Utils\Math\Ray.cpp">
      <Filter>Utils\Math</Filter>
    </ClCompile>
    <ClCompile Include="Source\CoreUObject\Components\ActorComponent.cpp">
      <Filter>Source\CoreUObject\Components</Filter>
    </ClCompile>
    <ClCompile Include="Source\CoreUObject\Components\CameraComponent.cpp">
      <Filter>Source\CoreUObject\Components</Filter>
    </ClCompile>
    <ClCompile Include="Source\CoreUObject\GameFrameWork\Camera.cpp">
      <Filter>Source\CoreUObject\GameFrameWork</Filter>
    </ClCompile>
    <ClCompile Include="Source\Core\Resource\ResourceManager.cpp">
      <Filter>Source\Core\Resource</Filter>
    </ClCompile>
    <ClCompile Include="Source\CoreUObject\UI\JungleConsole.cpp">
      <Filter>Source\CoreUObject\UI</Filter>
    </ClCompile>
    <ClCompile Include="Source\CoreUObject\UI\JungleControlPanel.cpp">
      <Filter>Source\CoreUObject\UI</Filter>
    </ClCompile>
    <ClCompile Include="Source\CoreUObject\UI\JunglePropertyWindow.cpp">
      <Filter>Source\CoreUObject\UI</Filter>
    </ClCompile>
    <ClCompile Include="Source\Utils\Math\Quaternion.cpp">
      <Filter>Utils\Math</Filter>
    </ClCompile>
    <ClCompile Include="Source\Core\Gizmo\Gizmo.cpp">
      <Filter>Source\Core\Gizmo</Filter>
    </ClCompile>
    <ClCompile Include="Source\Core\Time\TimeManager.cpp">
      <Filter>Source\Core\Time</Filter>
    </ClCompile>
    <ClCompile Include="Source\Core\Input\InputManager.cpp">
      <Filter>Source\Core\Input</Filter>
    </ClCompile>
    <ClCompile Include="Source\Core\UI\UIManager.cpp">
      <Filter>Source\Core\UI</Filter>
    </ClCompile>
    <ClCompile Include="Source\CoreUObject\Object.cpp">
      <Filter>Source\CoreUObject</Filter>
    </ClCompile>
    <ClCompile Include="Plugins\ImGui\imgui.cpp">
      <Filter>Plugins\ImGui</Filter>
    </ClCompile>
    <ClCompile Include="Plugins\ImGui\imgui_demo.cpp">
      <Filter>Plugins\ImGui</Filter>
    </ClCompile>
    <ClCompile Include="Plugins\ImGui\imgui_draw.cpp">
      <Filter>Plugins\ImGui</Filter>
    </ClCompile>
    <ClCompile Include="Plugins\ImGui\imgui_impl_dx11.cpp">
      <Filter>Plugins\ImGui</Filter>
    </ClCompile>
    <ClCompile Include="Plugins\ImGui\imgui_impl_win32.cpp">
      <Filter>Plugins\ImGui</Filter>
    </ClCompile>
    <ClCompile Include="Plugins\ImGui\imgui_tables.cpp">
      <Filter>Plugins\ImGui</Filter>
    </ClCompile>
    <ClCompile Include="Plugins\ImGui\imgui_widgets.cpp">
      <Filter>Plugins\ImGui</Filter>
    </ClCompile>
    <ClCompile Include="Source\CoreUObject\UI\UIBase.cpp">
      <Filter>Source\CoreUObject\UI</Filter>
    </ClCompile>
    <ClCompile Include="Source\Utils\ImGuiStringLibrary.cpp">
      <Filter>Utils</Filter>
    </ClCompile>
    <ClCompile Include="Source\Utils\JungleLog.cpp">
      <Filter>Utils</Filter>
    </ClCompile>
    <ClCompile Include="Source\Core\Asset\Asset.cpp">
      <Filter>Source\Core\Asset</Filter>
    </ClCompile>
    <ClCompile Include="Source\Core\Asset\AssetManager.cpp">
      <Filter>Source\Core\Asset</Filter>
    </ClCompile>
    <ClCompile Include="Source\Core\Asset\Asset.cpp">
      <Filter>Source\Core\Asset</Filter>
    </ClCompile>
    <ClCompile Include="Source\Core\Asset\SceneAsset.cpp">
      <Filter>Source\Core\Asset</Filter>
    </ClCompile>
  </ItemGroup>
  <ItemGroup>
    <ClInclude Include="Source\Utils\EnginePch.h">
      <Filter>Utils</Filter>
    </ClInclude>
    <ClInclude Include="Source\Utils\pch.h">
      <Filter>Utils</Filter>
    </ClInclude>
    <ClInclude Include="Source\Core\DirectX11\DXDRenderTarget.h">
      <Filter>Source\Core\DirectX11</Filter>
    </ClInclude>
    <ClInclude Include="Source\Core\DirectX11\DXDShaderManager.h">
      <Filter>Source\Core\DirectX11</Filter>
    </ClInclude>
    <ClInclude Include="Source\Core\DirectX11\DXDVertexBuffer.h">
      <Filter>Source\Core\DirectX11</Filter>
    </ClInclude>
    <ClInclude Include="Source\Core\DirectX11\DXDConstantBuffer.h">
      <Filter>Source\Core\DirectX11</Filter>
    </ClInclude>
    <ClInclude Include="Source\Core\DirectX11\DirectXHandle.h">
      <Filter>Source\Core\DirectX11</Filter>
    </ClInclude>
    <ClInclude Include="Source\Core\Engine\Engine.h">
      <Filter>Source\Core\Engine</Filter>
    </ClInclude>
    <ClInclude Include="Source\Core\DirectX11\DXDRasterizerState.h">
      <Filter>Source\Core\DirectX11</Filter>
    </ClInclude>
    <ClInclude Include="Source\Core\DirectX11\DXDDepthStencilView.h">
      <Filter>Source\Core\DirectX11</Filter>
    </ClInclude>
    <ClInclude Include="Source\Core\DirectX11\State\DXDBlendState.h">
      <Filter>Source\Core\DirectX11\State</Filter>
    </ClInclude>
    <ClInclude Include="Source\Core\DirectX11\State\DXDDepthStencilState.h">
      <Filter>Source\Core\DirectX11\State</Filter>
    </ClInclude>
    <ClInclude Include="Source\Utils\GTLStringLibrary.h">
      <Filter>Utils</Filter>
    </ClInclude>
    <ClInclude Include="Source\CoreUObject\World.h">
      <Filter>Source\CoreUObject</Filter>
    </ClInclude>
    <ClInclude Include="Source\CoreUObject\Components\SceneComponent.h">
      <Filter>Source\CoreUObject\Components</Filter>
    </ClInclude>
    <ClInclude Include="Source\CoreUObject\Components\PrimitiveComponent.h">
      <Filter>Source\CoreUObject\Components</Filter>
    </ClInclude>
    <ClInclude Include="Source\CoreUObject\Components\CubeComponent.h">
      <Filter>Source\CoreUObject\Components</Filter>
    </ClInclude>
    <ClInclude Include="Source\CoreUObject\Components\PlaneComponent.h">
      <Filter>Source\CoreUObject\Components</Filter>
    </ClInclude>
    <ClInclude Include="Source\CoreUObject\Components\SphereComponent.h">
      <Filter>Source\CoreUObject\Components</Filter>
    </ClInclude>
    <ClInclude Include="Source\CoreUObject\GameFrameWork\Actor.h">
      <Filter>Source\CoreUObject\GameFrameWork</Filter>
    </ClInclude>
    <ClInclude Include="Source\Utils\Math\Matrix.h">
      <Filter>Utils\Math</Filter>
    </ClInclude>
    <ClInclude Include="Source\Utils\Math\Vector.h">
      <Filter>Utils\Math</Filter>
    </ClInclude>
    <ClInclude Include="Source\Utils\Math\Math.h">
      <Filter>Utils\Math</Filter>
    </ClInclude>
    <ClInclude Include="Source\Utils\Math\Ray.h">
      <Filter>Utils\Math</Filter>
    </ClInclude>
    <ClInclude Include="Source\CoreUObject\Components\ActorComponent.h">
      <Filter>Source\CoreUObject\Components</Filter>
    </ClInclude>
    <ClInclude Include="Source\CoreUObject\Components\CameraComponent.h">
      <Filter>Source\CoreUObject\Components</Filter>
    </ClInclude>
    <ClInclude Include="Source\CoreUObject\GameFrameWork\Camera.h">
      <Filter>Source\CoreUObject\GameFrameWork</Filter>
    </ClInclude>
    <ClInclude Include="Source\Core\Resource\ResourceManager.h">
      <Filter>Source\Core\Resource</Filter>
    </ClInclude>
    <ClInclude Include="Source\Core\Resource\Shape\PrimitiveShape.h">
      <Filter>Source\Core\Resource\Shape</Filter>
    </ClInclude>
    <ClInclude Include="Source\Core\Resource\Types.h">
      <Filter>Source\Core\Resource</Filter>
    </ClInclude>
    <ClInclude Include="Source\CoreUObject\UI\JungleConsole.h">
      <Filter>Source\CoreUObject\UI</Filter>
    </ClInclude>
    <ClInclude Include="Source\CoreUObject\UI\JungleControlPanel.h">
      <Filter>Source\CoreUObject\UI</Filter>
    </ClInclude>
    <ClInclude Include="Source\CoreUObject\UI\JunglePropertyWindow.h">
      <Filter>Source\CoreUObject\UI</Filter>
    </ClInclude>
    <ClInclude Include="Source\Utils\Math\MathFwd.h">
      <Filter>Utils\Math</Filter>
    </ClInclude>
    <ClInclude Include="Source\Utils\Math\Quaternion.h">
      <Filter>Utils\Math</Filter>
    </ClInclude>
    <ClInclude Include="Source\Core\Gizmo\Gizmo.h">
      <Filter>Source\Core\Gizmo</Filter>
    </ClInclude>
    <ClInclude Include="Source\Core\Time\TimeManager.h">
      <Filter>Source\Core\Time</Filter>
    </ClInclude>
    <ClInclude Include="Source\Core\Input\InputManager.h">
      <Filter>Source\Core\Input</Filter>
    </ClInclude>
    <ClInclude Include="Source\Core\UI\UIManager.h">
      <Filter>Source\Core\UI</Filter>
    </ClInclude>
    <ClInclude Include="Source\CoreUObject\Object.h">
      <Filter>Source\CoreUObject</Filter>
    </ClInclude>
    <ClInclude Include="Plugins\ImGui\imconfig.h">
      <Filter>Plugins\ImGui</Filter>
    </ClInclude>
    <ClInclude Include="Plugins\ImGui\imgui.h">
      <Filter>Plugins\ImGui</Filter>
    </ClInclude>
    <ClInclude Include="Plugins\ImGui\imgui_impl_dx11.h">
      <Filter>Plugins\ImGui</Filter>
    </ClInclude>
    <ClInclude Include="Plugins\ImGui\imgui_impl_win32.h">
      <Filter>Plugins\ImGui</Filter>
    </ClInclude>
    <ClInclude Include="Plugins\ImGui\imgui_internal.h">
      <Filter>Plugins\ImGui</Filter>
    </ClInclude>
    <ClInclude Include="Plugins\ImGui\imstb_rectpack.h">
      <Filter>Plugins\ImGui</Filter>
    </ClInclude>
    <ClInclude Include="Plugins\ImGui\imstb_textedit.h">
      <Filter>Plugins\ImGui</Filter>
    </ClInclude>
    <ClInclude Include="Plugins\ImGui\imstb_truetype.h">
      <Filter>Plugins\ImGui</Filter>
    </ClInclude>
    <ClInclude Include="Plugins\SimpleJSON\json.hpp">
      <Filter>Plugins\SimpleJSON</Filter>
    </ClInclude>
    <ClInclude Include="Source\CoreUObject\UI\UIBase.h">
      <Filter>Source\CoreUObject\UI</Filter>
    </ClInclude>
    <ClInclude Include="Source\Utils\ImGuiStringLibrary.h">
      <Filter>Utils</Filter>
    </ClInclude>
    <ClInclude Include="Source\Utils\JungleLog.h">
      <Filter>Utils</Filter>
    </ClInclude>
    <ClInclude Include="Source\Core\Asset\AssetManager.h">
      <Filter>Source\Core\Asset</Filter>
    </ClInclude>
    <ClInclude Include="Source\Core\Asset\Asset.h">
      <Filter>Source\Core\Asset</Filter>
    </ClInclude>
    <ClInclude Include="Source\Core\Asset\SceneAsset.h">
      <Filter>Source\Core\Asset</Filter>
    </ClInclude>
  </ItemGroup>
  <ItemGroup>
    <FxCompile Include="Resource\Shader\PrimitiveShader.hlsl">
      <Filter>Resource\Shader</Filter>
    </FxCompile>
    <FxCompile Include="Resource\Shader\LineShader.hlsl">
      <Filter>Resource\Shader</Filter>
    </FxCompile>
  </ItemGroup>
</Project>